
Microsoft Visual Studio Solution File, Format Version 12.00
# Visual Studio Version 16
VisualStudioVersion = 16.0.29905.134
MinimumVisualStudioVersion = 10.0.40219.1
Project("{FAE04EC0-301F-11D3-BF4B-00C04F79EFBC}") = "DAL", "DAL\DAL.csproj", "{DFFEE5B2-043D-456E-9024-A3AC962BC257}"
EndProject
Project("{FAE04EC0-301F-11D3-BF4B-00C04F79EFBC}") = "BLL", "BLL\BLL.csproj", "{3C76D4B7-F43A-4E8B-B5CE-744CBDC96ADB}"
EndProject
Project("{FAE04EC0-301F-11D3-BF4B-00C04F79EFBC}") = "API", "API\API.csproj", "{9C107E37-1E7E-4BB8-9529-88D4115D3A2B}"
EndProject
Global
	GlobalSection(SolutionConfigurationPlatforms) = preSolution
		Debug|Any CPU = Debug|Any CPU
		Release|Any CPU = Release|Any CPU
	EndGlobalSection
	GlobalSection(ProjectConfigurationPlatforms) = postSolution
		{DFFEE5B2-043D-456E-9024-A3AC962BC257}.Debug|Any CPU.ActiveCfg = Debug|Any CPU
		{DFFEE5B2-043D-456E-9024-A3AC962BC257}.Debug|Any CPU.Build.0 = Debug|Any CPU
		{DFFEE5B2-043D-456E-9024-A3AC962BC257}.Release|Any CPU.ActiveCfg = Release|Any CPU
		{DFFEE5B2-043D-456E-9024-A3AC962BC257}.Release|Any CPU.Build.0 = Release|Any CPU
		{3C76D4B7-F43A-4E8B-B5CE-744CBDC96ADB}.Debug|Any CPU.ActiveCfg = Debug|Any CPU
		{3C76D4B7-F43A-4E8B-B5CE-744CBDC96ADB}.Debug|Any CPU.Build.0 = Debug|Any CPU
		{3C76D4B7-F43A-4E8B-B5CE-744CBDC96ADB}.Release|Any CPU.ActiveCfg = Release|Any CPU
		{3C76D4B7-F43A-4E8B-B5CE-744CBDC96ADB}.Release|Any CPU.Build.0 = Release|Any CPU
		{9C107E37-1E7E-4BB8-9529-88D4115D3A2B}.Debug|Any CPU.ActiveCfg = Debug|Any CPU
		{9C107E37-1E7E-4BB8-9529-88D4115D3A2B}.Debug|Any CPU.Build.0 = Debug|Any CPU
		{9C107E37-1E7E-4BB8-9529-88D4115D3A2B}.Release|Any CPU.ActiveCfg = Release|Any CPU
		{9C107E37-1E7E-4BB8-9529-88D4115D3A2B}.Release|Any CPU.Build.0 = Release|Any CPU
	EndGlobalSection
	GlobalSection(SolutionProperties) = preSolution
		HideSolutionNode = FALSE
	EndGlobalSection
	GlobalSection(ExtensibilityGlobals) = postSolution
		SolutionGuid = {D74C2E01-657B-40A6-B700-F93E0204BC46}
	EndGlobalSection
EndGlobal
